
Microsoft Visual Studio Solution File, Format Version 11.00
# Visual Studio 2010
Project("{FAE04EC0-301F-11D3-BF4B-00C04F79EFBC}") = "İNŞAAT OTOMASYONU 1.0V(1)", "İNŞAAT OTOMASYONU 1.0V(1).csproj", "{3B075AA9-9729-4A47-8207-2598E1176F50}"
EndProject
Project("{54435603-DBB4-11D2-8724-00A0C9A8B90C}") = "İnsaatOtomasyonuKurulum", "..\İnsaatOtomasyonuKurulum\İnsaatOtomasyonuKurulum.vdproj", "{5880F5BF-02A1-4FBC-86A6-4294CDAF726B}"
EndProject
Global
	GlobalSection(SolutionConfigurationPlatforms) = preSolution
		Debug|x86 = Debug|x86
		Release|x86 = Release|x86
	EndGlobalSection
	GlobalSection(ProjectConfigurationPlatforms) = postSolution
		{3B075AA9-9729-4A47-8207-2598E1176F50}.Debug|x86.ActiveCfg = Debug|x86
		{3B075AA9-9729-4A47-8207-2598E1176F50}.Debug|x86.Build.0 = Debug|x86
		{3B075AA9-9729-4A47-8207-2598E1176F50}.Release|x86.ActiveCfg = Release|x86
		{3B075AA9-9729-4A47-8207-2598E1176F50}.Release|x86.Build.0 = Release|x86
		{5880F5BF-02A1-4FBC-86A6-4294CDAF726B}.Debug|x86.ActiveCfg = Debug
		{5880F5BF-02A1-4FBC-86A6-4294CDAF726B}.Release|x86.ActiveCfg = Release
	EndGlobalSection
	GlobalSection(SolutionProperties) = preSolution
		HideSolutionNode = FALSE
	EndGlobalSection
EndGlobal
